{
    "_meta": {
        "hash": {
            "sha256": "f7f0af8093e7677727a148b5333d97b14a7df2d2c87a19671af4975b8238c89b"
        },
        "pipfile-spec": 6,
        "requires": {
            "python_version": "3.5"
        },
        "sources": [
            {
                "name": "pypi",
                "url": "https://pypi.org/simple",
                "verify_ssl": true
            }
        ]
    },
    "default": {
        "cobra": {
            "hashes": [
                "sha256:c2c6409b6c327c6556153ca96c58052857f23e67f2ff635828a771552b0e76b3",
                "sha256:fe0c32c4155f51bb00454faa067a3543fd576c09ea4b1fcb86e2c5c63468410a"
            ],
            "index": "pypi",
            "version": "==0.15.2"
        },
        "depinfo": {
            "hashes": [
                "sha256:32e1f7e17dbf4251db13c4f1fe5452539be9acaae0a2218df74bf59d7f80a909",
                "sha256:b4d052c685f6ac0a5e9972efd317dcd0daa8d65bad69218ea1fda4d607202ca3"
            ],
            "version": "==1.5.3"
        },
        "django": {
            "hashes": [
                "sha256:84f370f6acedbe1f3c41e1a02de44ac206efda3355e427139ecb785b5f596d80",
                "sha256:e8fe3c2b2212dce6126becab7a693157f1a441a07b62ec994c046c76af5bb66d"
            ],
            "index": "pypi",
            "version": "==2.2.13"
        },
        "djangorestframework": {
            "hashes": [
                "sha256:8a435df9007c8b7d8e69a21ef06650e3c0cbe0d4b09e55dd1bd74c89a75a9fcd",
                "sha256:f7a266260d656e1cf4ca54d7a7349609dc8af4fe2590edd0ecd7d7643ea94a17"
            ],
            "index": "pypi",
            "version": "==3.9.2"
        },
        "future": {
            "hashes": [
                "sha256:b1bead90b70cf6ec3f0710ae53a525360fa360d306a86583adc6bf83a4db537d"
            ],
            "version": "==0.18.2"
        },
        "mpmath": {
            "hashes": [
                "sha256:fc17abe05fbab3382b61a123c398508183406fa132e0223874578e20946499f6"
            ],
            "version": "==1.1.0"
        },
        "numpy": {
            "hashes": [
                "sha256:0172304e7d8d40e9e49553901903dc5f5a49a703363ed756796f5808a06fc233",
                "sha256:34e96e9dae65c4839bd80012023aadd6ee2ccb73ce7fdf3074c62f301e63120b",
                "sha256:3676abe3d621fc467c4c1469ee11e395c82b2d6b5463a9454e37fe9da07cd0d7",
                "sha256:3dd6823d3e04b5f223e3e265b4a1eae15f104f4366edd409e5a5e413a98f911f",
                "sha256:4064f53d4cce69e9ac613256dc2162e56f20a4e2d2086b1956dd2fcf77b7fac5",
                "sha256:4674f7d27a6c1c52a4d1aa5f0881f1eff840d2206989bae6acb1c7668c02ebfb",
                "sha256:7d42ab8cedd175b5ebcb39b5208b25ba104842489ed59fbb29356f671ac93583",
                "sha256:965df25449305092b23d5145b9bdaeb0149b6e41a77a7d728b1644b3c99277c1",
                "sha256:9c9d6531bc1886454f44aa8f809268bc481295cf9740827254f53c30104f074a",
                "sha256:a78e438db8ec26d5d9d0e584b27ef25c7afa5a182d1bf4d05e313d2d6d515271",
                "sha256:a7acefddf994af1aeba05bbbafe4ba983a187079f125146dc5859e6d817df824",
                "sha256:a87f59508c2b7ceb8631c20630118cc546f1f815e034193dc72390db038a5cb3",
                "sha256:ac792b385d81151bae2a5a8adb2b88261ceb4976dbfaaad9ce3a200e036753dc",
                "sha256:b03b2c0badeb606d1232e5f78852c102c0a7989d3a534b3129e7856a52f3d161",
                "sha256:b39321f1a74d1f9183bf1638a745b4fd6fe80efbb1f6b32b932a588b4bc7695f",
                "sha256:cae14a01a159b1ed91a324722d746523ec757357260c6804d11d6147a9e53e3f",
                "sha256:cd49930af1d1e49a812d987c2620ee63965b619257bd76eaaa95870ca08837cf",
                "sha256:e15b382603c58f24265c9c931c9a45eebf44fe2e6b4eaedbb0d025ab3255228b",
                "sha256:e91d31b34fc7c2c8f756b4e902f901f856ae53a93399368d9a0dc7be17ed2ca0",
                "sha256:ef627986941b5edd1ed74ba89ca43196ed197f1a206a3f18cc9faf2fb84fd675",
                "sha256:f718a7949d1c4f622ff548c572e0c03440b49b9531ff00e4ed5738b459f011e8"
            ],
            "version": "==1.18.5"
        },
        "optlang": {
            "hashes": [
                "sha256:3cff64dae1ebe8eaef6291c2d1b4f459d58f97ee73b4757e7584d764eb4a0031",
                "sha256:78ea36751832176d4819f29c4d2bc5a8ead2c15a3f5dcd5b67ab99e69fc155dc"
            ],
            "version": "==1.4.4"
        },
        "pandas": {
            "hashes": [
                "sha256:071e42b89b57baa17031af8c6b6bbd2e9a5c68c595bc6bf9adabd7a9ed125d3b",
                "sha256:17450e25ae69e2e6b303817bdf26b2cd57f69595d8550a77c308be0cd0fd58fa",
                "sha256:17916d818592c9ec891cbef2e90f98cc85e0f1e89ed0924c9b5220dc3209c846",
                "sha256:2538f099ab0e9f9c9d09bbcd94b47fd889bad06dc7ae96b1ed583f1dc1a7a822",
                "sha256:366f30710172cb45a6b4f43b66c220653b1ea50303fbbd94e50571637ffb9167",
                "sha256:42e5ad741a0d09232efbc7fc648226ed93306551772fc8aecc6dce9f0e676794",
                "sha256:4e718e7f395ba5bfe8b6f6aaf2ff1c65a09bb77a36af6394621434e7cc813204",
                "sha256:4f919f409c433577a501e023943e582c57355d50a724c589e78bc1d551a535a2",
                "sha256:4fe0d7e6438212e839fc5010c78b822664f1a824c0d263fd858f44131d9166e2",
                "sha256:5149a6db3e74f23dc3f5a216c2c9ae2e12920aa2d4a5b77e44e5b804a5f93248",
                "sha256:627594338d6dd995cfc0bacd8e654cd9e1252d2a7c959449228df6740d737eb8",
                "sha256:83c702615052f2a0a7fb1dd289726e29ec87a27272d775cb77affe749cca28f8",
                "sha256:8c872f7fdf3018b7891e1e3e86c55b190e6c5cee70cab771e8f246c855001296",
                "sha256:90f116086063934afd51e61a802a943826d2aac572b2f7d55caaac51c13db5b5",
                "sha256:a3352bacac12e1fc646213b998bce586f965c9d431773d9e91db27c7c48a1f7d",
                "sha256:bcdd06007cca02d51350f96debe51331dec429ac8f93930a43eb8fb5639e3eb5",
                "sha256:c1bd07ebc15285535f61ddd8c0c75d0d6293e80e1ee6d9a8d73f3f36954342d0",
                "sha256:c9a4b7c55115eb278c19aa14b34fcf5920c8fe7797a09b7b053ddd6195ea89b3",
                "sha256:cc8fc0c7a8d5951dc738f1c1447f71c43734244453616f32b8aa0ef6013a5dfb",
                "sha256:d7b460bc316064540ce0c41c1438c416a40746fd8a4fb2999668bf18f3c4acf1"
            ],
            "index": "pypi",
            "version": "==0.24.2"
        },
        "pipdeptree": {
            "hashes": [
                "sha256:78942d3e6a88af1cea41e04d1c29ff5fbf4dda438aa8d8938ed88db22871cca3",
                "sha256:98178657b9c952be6d49e639bcf39bc8d0e1b93781b4c518a99e6599852d46e5",
                "sha256:f54a2388cfe3cbaa08f4702ee8957f0f3f0d6ff65899833ea57f12f2fc4ae0c1"
            ],
            "version": "==0.13.2"
        },
        "python-dateutil": {
            "hashes": [
                "sha256:73ebfe9dbf22e832286dafa60473e4cd239f8592f699aa5adaf10050e6e1823c",
                "sha256:75bb3f31ea686f1197762692a9ee6a7550b59fc6ca3a1f4b5d7e32fb98e2da2a"
            ],
            "version": "==2.8.1"
        },
        "python-libsbml-experimental": {
            "hashes": [
                "sha256:10b5860e2f3e4a44de19293077889c0297d49f417d56686e537135692bf9f056",
                "sha256:1d96875c5b6dfb38a4efec6730bf18b85e5eb6754168ca26ae75c8807cb95393",
                "sha256:26512f338fa70f5efa2906d52359f8b06f89dd58826340810edbd8992e0b9000",
                "sha256:2e7d1a59e2e1cb7f302e5abd11fd83934971e39873fa8600ec6a076654a30055",
                "sha256:351acb112e52431db3ab2baf3742c33984fa8bcc557ba40eccd0806a1066a149",
                "sha256:379a405c60f3a677f15ebedfd57c29afb60999f7ba5a98c0893ef28c8eb0a728",
                "sha256:45d0ea88bf1ecc31e9ca9ac556e48a32b616a1e775f663d757e9864432c17d73",
                "sha256:4b81b6e8d43d7246416675fca524fd408b7aa2f2250af4a9418044cef0179786",
                "sha256:4dbfe39b24a3ff0aa476816e31665619ca45e706aab68592fac80d08d0c4a836",
                "sha256:5093b31825c434d1351e407f1f3bcc807cd3aebef40607b58345164ca872277f",
                "sha256:7196cb4fe062054e88e16bdc472b54b6f3f66dc215ee360dedaf00640e6e20ee",
                "sha256:82518a86a3be38f0613edecec67da6dd07b6f7c3131784bbaacf47bac51947f2",
                "sha256:82ccf94085df0838d4d0f77ff34a76c1601e18120e68a3c4c5badb2b08b794bf",
                "sha256:8943eaea079d7023aa1062e22549b3ecb70662547433eae2ab89b79ed920dd1d",
                "sha256:8f53ca60b8c5519aebb993c2a47ddfe0e79009cc642b17a9fe9656d6c4d5d4a0",
                "sha256:938a7b5ce2242e0089bc95128e5df035eff529b8d8496e8ed9ceefc1f06f83e3",
                "sha256:9770f8d25a2c281ecebbcd501a7743c4a3842cffd226489f72bd7628680b285c",
                "sha256:ade0cc54502be209b162651b0439d27a3532ef2b8d78c12d24a44122d91019ca",
                "sha256:b309a5ba10ee93becfc7048398bed2fe6da29bc1e6bd5c287acbcf879a62525a",
                "sha256:b90bf7293fdee3e72d9384b9ebe11f70ce6d13a0ffe0de4d851aa680fc6ce030",
                "sha256:bdaca216f7ed96fb9ea9ae31f1e8de5521a63258766643b21ed4d12c2e2bd246",
                "sha256:c705116bd3677543156a3fa0ed9dc2d693a8d36d04a6f8d022f01eb63aaca6b3",
                "sha256:e1916aac528550895f07b094dec71548dcd4dadb6e834d9cec568e542f80a568",
                "sha256:ee992a5d1d445bbce101f7fb3145ce205ce2dc991a4f4314475d6910215da79b",
                "sha256:f71cd3536b437f6652b9e9827383f8bbc4dcc0ea60548eaa44e939689a5d0d3d",
                "sha256:f787151394db4eac036810d683ec2b1bf081381868f5e6600df4ddded9045078"
            ],
            "version": "==5.17.2"
        },
        "pytz": {
            "hashes": [
                "sha256:a494d53b6d39c3c6e44c3bec237336e14305e4f29bbf800b599253057fbb79ed",
                "sha256:c35965d010ce31b23eeb663ed3cc8c906275d6be1a34393a1d73a41febf4a048"
            ],
            "version": "==2020.1"
        },
        "ruamel.yaml": {
            "hashes": [
                "sha256:0962fd7999e064c4865f96fb1e23079075f4a2a14849bcdc5cdba53a24f9759b",
                "sha256:099c644a778bf72ffa00524f78dd0b6476bca94a1da344130f4bf3381ce5b954"
            ],
            "version": "==0.16.10"
        },
        "ruamel.yaml.clib": {
            "hashes": [
                "sha256:1e77424825caba5553bbade750cec2277ef130647d685c2b38f68bc03453bac6",
                "sha256:392b7c371312abf27fb549ec2d5e0092f7ef6e6c9f767bfb13e83cb903aca0fd",
                "sha256:4d55386129291b96483edcb93b381470f7cd69f97585829b048a3d758d31210a",
                "sha256:550168c02d8de52ee58c3d8a8193d5a8a9491a5e7b2462d27ac5bf63717574c9",
                "sha256:57933a6986a3036257ad7bf283529e7c19c2810ff24c86f4a0cfeb49d2099919",
                "sha256:615b0396a7fad02d1f9a0dcf9f01202bf9caefee6265198f252c865f4227fcc6",
                "sha256:77556a7aa190be9a2bd83b7ee075d3df5f3c5016d395613671487e79b082d784",
                "sha256:7aee724e1ff424757b5bd8f6c5bbdb033a570b2b4683b17ace4dbe61a99a657b",
                "sha256:8073c8b92b06b572e4057b583c3d01674ceaf32167801fe545a087d7a1e8bf52",
                "sha256:9c6d040d0396c28d3eaaa6cb20152cb3b2f15adf35a0304f4f40a3cf9f1d2448",
                "sha256:a0ff786d2a7dbe55f9544b3f6ebbcc495d7e730df92a08434604f6f470b899c5",
                "sha256:b1b7fcee6aedcdc7e62c3a73f238b3d080c7ba6650cd808bce8d7761ec484070",
                "sha256:b66832ea8077d9b3f6e311c4a53d06273db5dc2db6e8a908550f3c14d67e718c",
                "sha256:be018933c2f4ee7de55e7bd7d0d801b3dfb09d21dad0cce8a97995fd3e44be30",
                "sha256:d0d3ac228c9bbab08134b4004d748cf9f8743504875b3603b3afbb97e3472947",
                "sha256:d10e9dd744cf85c219bf747c75194b624cc7a94f0c80ead624b06bfa9f61d3bc",
                "sha256:ea4362548ee0cbc266949d8a441238d9ad3600ca9910c3fe4e82ee3a50706973",
                "sha256:ed5b3698a2bb241b7f5cbbe277eaa7fe48b07a58784fba4f75224fd066d253ad",
                "sha256:f9dcc1ae73f36e8059589b601e8e4776b9976effd76c21ad6a855a74318efd6e"
            ],
            "markers": "platform_python_implementation == 'CPython' and python_version < '3.9'",
            "version": "==0.2.0"
        },
        "six": {
            "hashes": [
                "sha256:30639c035cdb23534cd4aa2dd52c3bf48f06e5f4a941509c8bafd8ce11080259",
                "sha256:8b74bedcbbbaca38ff6d7491d76f2b06b3592611af620f8426e82dddb04a5ced"
            ],
            "version": "==1.15.0"
        },
        "sqlparse": {
            "hashes": [
                "sha256:022fb9c87b524d1f7862b3037e541f68597a730a8843245c349fc93e1643dc4e",
                "sha256:e162203737712307dfe78860cc56c8da8a852ab2ee33750e33aeadf38d12c548"
            ],
            "version": "==0.3.1"
        },
        "swiglpk": {
            "hashes": [
                "sha256:0216db2930a6fe2c07ac7f0e28e76e9a2711a647836a3a4067113091c7ae221e",
                "sha256:0f8bc6f30ddbfc5dfcdf22c4efc027d504b542ef84ad29663ecbcbc56d0de35e",
                "sha256:1855e7646ce0b89d3e931c2d9eda868779fe7e81a017f69ad17c71b2982ae97f",
                "sha256:1b9245810ca3c9ab66b1e8e2d19277f2f3d99f1afccbff3000ce736387932e83",
                "sha256:1c6bc44cb8011d1e95e02db6a7df9588f3d95eb0f1e6118cbc43dfa54f288d63",
                "sha256:1cc3a59566591dc6f0fe43317b30c12c360651f83d614e68f9875ecb1fc433c3",
                "sha256:2b1dad93c39fed4002798a0d9e7d7b0ac95927bffba9557ff94d93e8a1f42284",
                "sha256:30a3500bd0e121a425ad8181deda35763c9138472c1aa8291aa359b32f01b085",
                "sha256:320f26cd59a367bb48546b6a44afcbf021869605cb32ac9d9bade79adda9d9c8",
                "sha256:3be158abf6ca501457cf1177933fbacc46a636a5d7ed86a8ef8f1049d62cc238",
                "sha256:3c6e313bf3f40b840fdffa875e274a21d9fac205ade6e433bbf9a01a8d3cdd58",
                "sha256:4a34bab9cfd4a1a931ee477e515b986ad77ded8ec14cadafbdf9060d1292cd99",
                "sha256:4d14d711bf28293c2b5743a061c24352dee4a30e88a046ed02433ee016e107eb",
                "sha256:5444f08ac1e20127190106504a1a06e56bc5edfe647cdfb4f6c3b3f46adc8b24",
                "sha256:5adbffc2e1f90c108c44f70629c325176cef610bf360de73586bf043c0e6b615",
                "sha256:5d93bd21e8b67af117f15dfecd8f657d2d21f6a6d5f0024ea8c0d60bb4671a86",
                "sha256:6285d3fd2ac35220e5281a76ee5e38e1b0ba60c6b597b41110d49d0a99b749af",
                "sha256:7f2f603a0e91a15e36e4cf4f62397b4ebc061e029113b1b759b3e8bbaa9c5b26",
                "sha256:8de91db1b6da9702e19542714203463b8cd85cdf88b70a1a8dbb9492f2c8877a",
                "sha256:911c3c1f84dc49f7d5219cd11c17d8b10d07e90cb15acf13ad3b2168565c2efc",
                "sha256:97fa1965c843979b6c4aaf84416a0749dd869cc78fadba825394b86450f71f73",
                "sha256:a98c382c83052074dac166c4163f2c5b11b82d23d1ca9a8fb8c12f71c2ffd6de",
                "sha256:aa5d878e53f8316f3b40cdd3f79293b871b4dd49e3bfa5c92b705c0eb8649290",
                "sha256:b33ba24ceadbc8db34009c50b068febe47f337787b7c4bc033a8184725b94f40",
                "sha256:b4d5ddd688b5d077dc3c7f3c16c0a0c6b92331a626a8655edd7a76a42566ee20",
                "sha256:be4381cbffbc660ce7fdcb6b7ddba9d35d065a2a0c1b029043caf0fcbdb0da90",
                "sha256:c1ccbb15b6a81b66dde4a7752f96e972ea2848eb6cf9914b94e26bd8272c9abc",
                "sha256:c229956dd6ed0ce37893c56b9182f0c23b293303fe1e8e4c8e4561f37fa286a6",
                "sha256:d27a6a58a5179fb044eef66ed4b809652fdb1d485c0252a5037ceaab73099ee0",
                "sha256:d9d01eed8f2a9d10180a86a8f80008c607149c8d1179e163d12f04827d5698b3",
                "sha256:e949d4c5c259aa38046eda5b3e7639227efd28145574a5549a842de19e1b415a",
                "sha256:eca95f2d3ec26c8a3598f859077ff4af319cc32d6aa28a43e8322d41a060a4c1",
                "sha256:f308ab9d3af41795e7704a77603d792fa262127c5c73d81a0d37792f73cc7afc"
            ],
            "version": "==4.65.1"
        },
        "sympy": {
            "hashes": [
                "sha256:7af1e11e9fcb72362c47a481dc010e518cfcb60a594d1ee8bd268f86ea7d6cbf",
                "sha256:9769e3d2952e211b1245f1d0dfdbfbdde1f7779a3953832b7dd2b88a21ca6cc6"
            ],
            "version": "==1.6"
        },
        "tabulate": {
            "hashes": [
                "sha256:ac64cb76d53b1231d364babcd72abbb16855adac7de6665122f97b593f1eb2ba",
                "sha256:db2723a20d04bcda8522165c73eea7c300eda74e0ce852d9022e0159d7895007"
            ],
            "version": "==0.8.7"
        },
        "uwsgi": {
            "hashes": [
                "sha256:4972ac538800fb2d421027f49b4a1869b66048839507ccf0aa2fda792d99f583"
            ],
            "index": "pypi",
            "version": "==2.0.18"
        },
        "vizan": {
            "git": "https://github.com/lv-csbg/VizAn.git",
            "ref": "a38c870396e3aa96e9df9a64d383ddffd1ca5215"
        }
    },
    "develop": {}
}
