{
    "_meta": {
        "hash": {
            "sha256": "f7f0af8093e7677727a148b5333d97b14a7df2d2c87a19671af4975b8238c89b"
        },
        "pipfile-spec": 6,
        "requires": {
            "python_version": "3.5"
        },
        "sources": [
            {
                "name": "pypi",
                "url": "https://pypi.org/simple",
                "verify_ssl": true
            }
        ]
    },
    "default": {
        "cobra": {
            "hashes": [
                "sha256:c2c6409b6c327c6556153ca96c58052857f23e67f2ff635828a771552b0e76b3",
                "sha256:fe0c32c4155f51bb00454faa067a3543fd576c09ea4b1fcb86e2c5c63468410a"
            ],
            "index": "pypi",
            "version": "==0.15.2"
        },
        "depinfo": {
            "hashes": [
                "sha256:00c93bfda74090e0763c2d01a66f723f4db36dbd4e7474698b5a113c47d6a073",
                "sha256:30dddb9059166e96039e9676689c2a0edd4fd4d0b0624486aab1f78dc0e68b13"
            ],
            "version": "==1.5.1"
        },
        "django": {
            "hashes": [
                "sha256:16a5d54411599780ac9dfe3b9b38f90f785c51259a584e0b24b6f14a7f69aae8",
                "sha256:9a2f98211ab474c710fcdad29c82f30fc14ce9917c7a70c3682162a624de4035"
            ],
            "index": "pypi",
            "version": "==2.2.4"
        },
        "djangorestframework": {
            "hashes": [
                "sha256:8a435df9007c8b7d8e69a21ef06650e3c0cbe0d4b09e55dd1bd74c89a75a9fcd",
                "sha256:f7a266260d656e1cf4ca54d7a7349609dc8af4fe2590edd0ecd7d7643ea94a17"
            ],
            "index": "pypi",
            "version": "==3.9.2"
        },
        "future": {
            "hashes": [
                "sha256:b1bead90b70cf6ec3f0710ae53a525360fa360d306a86583adc6bf83a4db537d"
            ],
            "version": "==0.18.2"
        },
        "mpmath": {
            "hashes": [
                "sha256:fc17abe05fbab3382b61a123c398508183406fa132e0223874578e20946499f6"
            ],
            "version": "==1.1.0"
        },
        "numpy": {
            "hashes": [
                "sha256:0b0dd8f47fb177d00fa6ef2d58783c4f41ad3126b139c91dd2f7c4b3fdf5e9a5",
                "sha256:25ffe71f96878e1da7e014467e19e7db90ae7d4e12affbc73101bcf61785214e",
                "sha256:26efd7f7d755e6ca966a5c0ac5a930a87dbbaab1c51716ac26a38f42ecc9bc4b",
                "sha256:28b1180c758abf34a5c3fea76fcee66a87def1656724c42bb14a6f9717a5bdf7",
                "sha256:2e418f0a59473dac424f888dd57e85f77502a593b207809211c76e5396ae4f5c",
                "sha256:30c84e3a62cfcb9e3066f25226e131451312a044f1fe2040e69ce792cb7de418",
                "sha256:4650d94bb9c947151737ee022b934b7d9a845a7c76e476f3e460f09a0c8c6f39",
                "sha256:4dd830a11e8724c9c9379feed1d1be43113f8bcce55f47ea7186d3946769ce26",
                "sha256:4f2a2b279efde194877aff1f76cf61c68e840db242a5c7169f1ff0fd59a2b1e2",
                "sha256:62d22566b3e3428dfc9ec972014c38ed9a4db4f8969c78f5414012ccd80a149e",
                "sha256:669795516d62f38845c7033679c648903200980d68935baaa17ac5c7ae03ae0c",
                "sha256:75fcd60d682db3e1f8fbe2b8b0c6761937ad56d01c1dc73edf4ef2748d5b6bc4",
                "sha256:9395b0a41e8b7e9a284e3be7060db9d14ad80273841c952c83a5afc241d2bd98",
                "sha256:9e37c35fc4e9410093b04a77d11a34c64bf658565e30df7cbe882056088a91c1",
                "sha256:a0678793096205a4d784bd99f32803ba8100f639cf3b932dc63b21621390ea7e",
                "sha256:b46554ad4dafb2927f88de5a1d207398c5385edbb5c84d30b3ef187c4a3894d8",
                "sha256:c867eeccd934920a800f65c6068acdd6b87e80d45cd8c8beefff783b23cdc462",
                "sha256:dd0667f5be56fb1b570154c2c0516a528e02d50da121bbbb2cbb0b6f87f59bc2",
                "sha256:de2b1c20494bdf47f0160bd88ed05f5e48ae5dc336b8de7cfade71abcc95c0b9",
                "sha256:f1df7b2b7740dd777571c732f98adb5aad5450aee32772f1b39249c8a50386f6",
                "sha256:ffca69e29079f7880c5392bf675eb8b4146479d976ae1924d01cd92b04cccbcc"
            ],
            "version": "==1.17.3"
        },
        "optlang": {
            "hashes": [
                "sha256:3cff64dae1ebe8eaef6291c2d1b4f459d58f97ee73b4757e7584d764eb4a0031",
                "sha256:78ea36751832176d4819f29c4d2bc5a8ead2c15a3f5dcd5b67ab99e69fc155dc"
            ],
            "version": "==1.4.4"
        },
        "pandas": {
            "hashes": [
                "sha256:071e42b89b57baa17031af8c6b6bbd2e9a5c68c595bc6bf9adabd7a9ed125d3b",
                "sha256:17450e25ae69e2e6b303817bdf26b2cd57f69595d8550a77c308be0cd0fd58fa",
                "sha256:17916d818592c9ec891cbef2e90f98cc85e0f1e89ed0924c9b5220dc3209c846",
                "sha256:2538f099ab0e9f9c9d09bbcd94b47fd889bad06dc7ae96b1ed583f1dc1a7a822",
                "sha256:366f30710172cb45a6b4f43b66c220653b1ea50303fbbd94e50571637ffb9167",
                "sha256:42e5ad741a0d09232efbc7fc648226ed93306551772fc8aecc6dce9f0e676794",
                "sha256:4e718e7f395ba5bfe8b6f6aaf2ff1c65a09bb77a36af6394621434e7cc813204",
                "sha256:4f919f409c433577a501e023943e582c57355d50a724c589e78bc1d551a535a2",
                "sha256:4fe0d7e6438212e839fc5010c78b822664f1a824c0d263fd858f44131d9166e2",
                "sha256:5149a6db3e74f23dc3f5a216c2c9ae2e12920aa2d4a5b77e44e5b804a5f93248",
                "sha256:627594338d6dd995cfc0bacd8e654cd9e1252d2a7c959449228df6740d737eb8",
                "sha256:83c702615052f2a0a7fb1dd289726e29ec87a27272d775cb77affe749cca28f8",
                "sha256:8c872f7fdf3018b7891e1e3e86c55b190e6c5cee70cab771e8f246c855001296",
                "sha256:90f116086063934afd51e61a802a943826d2aac572b2f7d55caaac51c13db5b5",
                "sha256:a3352bacac12e1fc646213b998bce586f965c9d431773d9e91db27c7c48a1f7d",
                "sha256:bcdd06007cca02d51350f96debe51331dec429ac8f93930a43eb8fb5639e3eb5",
                "sha256:c1bd07ebc15285535f61ddd8c0c75d0d6293e80e1ee6d9a8d73f3f36954342d0",
                "sha256:c9a4b7c55115eb278c19aa14b34fcf5920c8fe7797a09b7b053ddd6195ea89b3",
                "sha256:cc8fc0c7a8d5951dc738f1c1447f71c43734244453616f32b8aa0ef6013a5dfb",
                "sha256:d7b460bc316064540ce0c41c1438c416a40746fd8a4fb2999668bf18f3c4acf1"
            ],
            "index": "pypi",
            "version": "==0.24.2"
        },
        "pipdeptree": {
            "hashes": [
                "sha256:78942d3e6a88af1cea41e04d1c29ff5fbf4dda438aa8d8938ed88db22871cca3",
                "sha256:98178657b9c952be6d49e639bcf39bc8d0e1b93781b4c518a99e6599852d46e5",
                "sha256:f54a2388cfe3cbaa08f4702ee8957f0f3f0d6ff65899833ea57f12f2fc4ae0c1"
            ],
            "version": "==0.13.2"
        },
        "python-dateutil": {
            "hashes": [
                "sha256:7e6584c74aeed623791615e26efd690f29817a27c73085b78e4bad02493df2fb",
                "sha256:c89805f6f4d64db21ed966fda138f8a5ed7a4fdbc1a8ee329ce1b74e3c74da9e"
            ],
            "version": "==2.8.0"
        },
        "python-libsbml-experimental": {
            "hashes": [
                "sha256:10b5860e2f3e4a44de19293077889c0297d49f417d56686e537135692bf9f056",
                "sha256:1d96875c5b6dfb38a4efec6730bf18b85e5eb6754168ca26ae75c8807cb95393",
                "sha256:26512f338fa70f5efa2906d52359f8b06f89dd58826340810edbd8992e0b9000",
                "sha256:2e7d1a59e2e1cb7f302e5abd11fd83934971e39873fa8600ec6a076654a30055",
                "sha256:351acb112e52431db3ab2baf3742c33984fa8bcc557ba40eccd0806a1066a149",
                "sha256:379a405c60f3a677f15ebedfd57c29afb60999f7ba5a98c0893ef28c8eb0a728",
                "sha256:45d0ea88bf1ecc31e9ca9ac556e48a32b616a1e775f663d757e9864432c17d73",
                "sha256:4b81b6e8d43d7246416675fca524fd408b7aa2f2250af4a9418044cef0179786",
                "sha256:4dbfe39b24a3ff0aa476816e31665619ca45e706aab68592fac80d08d0c4a836",
                "sha256:5093b31825c434d1351e407f1f3bcc807cd3aebef40607b58345164ca872277f",
                "sha256:7196cb4fe062054e88e16bdc472b54b6f3f66dc215ee360dedaf00640e6e20ee",
                "sha256:82518a86a3be38f0613edecec67da6dd07b6f7c3131784bbaacf47bac51947f2",
                "sha256:82ccf94085df0838d4d0f77ff34a76c1601e18120e68a3c4c5badb2b08b794bf",
                "sha256:8943eaea079d7023aa1062e22549b3ecb70662547433eae2ab89b79ed920dd1d",
                "sha256:8f53ca60b8c5519aebb993c2a47ddfe0e79009cc642b17a9fe9656d6c4d5d4a0",
                "sha256:938a7b5ce2242e0089bc95128e5df035eff529b8d8496e8ed9ceefc1f06f83e3",
                "sha256:9770f8d25a2c281ecebbcd501a7743c4a3842cffd226489f72bd7628680b285c",
                "sha256:ade0cc54502be209b162651b0439d27a3532ef2b8d78c12d24a44122d91019ca",
                "sha256:b309a5ba10ee93becfc7048398bed2fe6da29bc1e6bd5c287acbcf879a62525a",
                "sha256:b90bf7293fdee3e72d9384b9ebe11f70ce6d13a0ffe0de4d851aa680fc6ce030",
                "sha256:bdaca216f7ed96fb9ea9ae31f1e8de5521a63258766643b21ed4d12c2e2bd246",
                "sha256:c705116bd3677543156a3fa0ed9dc2d693a8d36d04a6f8d022f01eb63aaca6b3",
                "sha256:e1916aac528550895f07b094dec71548dcd4dadb6e834d9cec568e542f80a568",
                "sha256:ee992a5d1d445bbce101f7fb3145ce205ce2dc991a4f4314475d6910215da79b",
                "sha256:f71cd3536b437f6652b9e9827383f8bbc4dcc0ea60548eaa44e939689a5d0d3d",
                "sha256:f787151394db4eac036810d683ec2b1bf081381868f5e6600df4ddded9045078"
            ],
            "version": "==5.17.2"
        },
        "pytz": {
            "hashes": [
                "sha256:1c557d7d0e871de1f5ccd5833f60fb2550652da6be2693c1e02300743d21500d",
                "sha256:b02c06db6cf09c12dd25137e563b31700d3b80fcc4ad23abb7a315f2789819be"
            ],
            "version": "==2019.3"
        },
        "ruamel.yaml": {
            "hashes": [
                "sha256:0db639b1b2742dae666c6fc009b8d1931ef15c9276ef31c0673cc6dcf766cf40",
                "sha256:412a6f5cfdc0525dee6a27c08f5415c7fd832a7afcb7a0ed7319628aed23d408"
            ],
            "version": "==0.16.5"
        },
        "ruamel.yaml.clib": {
            "hashes": [
                "sha256:1e77424825caba5553bbade750cec2277ef130647d685c2b38f68bc03453bac6",
                "sha256:392b7c371312abf27fb549ec2d5e0092f7ef6e6c9f767bfb13e83cb903aca0fd",
                "sha256:4d55386129291b96483edcb93b381470f7cd69f97585829b048a3d758d31210a",
                "sha256:550168c02d8de52ee58c3d8a8193d5a8a9491a5e7b2462d27ac5bf63717574c9",
                "sha256:57933a6986a3036257ad7bf283529e7c19c2810ff24c86f4a0cfeb49d2099919",
                "sha256:615b0396a7fad02d1f9a0dcf9f01202bf9caefee6265198f252c865f4227fcc6",
                "sha256:77556a7aa190be9a2bd83b7ee075d3df5f3c5016d395613671487e79b082d784",
                "sha256:7aee724e1ff424757b5bd8f6c5bbdb033a570b2b4683b17ace4dbe61a99a657b",
                "sha256:8073c8b92b06b572e4057b583c3d01674ceaf32167801fe545a087d7a1e8bf52",
                "sha256:9c6d040d0396c28d3eaaa6cb20152cb3b2f15adf35a0304f4f40a3cf9f1d2448",
                "sha256:a0ff786d2a7dbe55f9544b3f6ebbcc495d7e730df92a08434604f6f470b899c5",
                "sha256:b1b7fcee6aedcdc7e62c3a73f238b3d080c7ba6650cd808bce8d7761ec484070",
                "sha256:b66832ea8077d9b3f6e311c4a53d06273db5dc2db6e8a908550f3c14d67e718c",
                "sha256:d0d3ac228c9bbab08134b4004d748cf9f8743504875b3603b3afbb97e3472947",
                "sha256:d10e9dd744cf85c219bf747c75194b624cc7a94f0c80ead624b06bfa9f61d3bc",
                "sha256:ea4362548ee0cbc266949d8a441238d9ad3600ca9910c3fe4e82ee3a50706973",
                "sha256:ed5b3698a2bb241b7f5cbbe277eaa7fe48b07a58784fba4f75224fd066d253ad",
                "sha256:f9dcc1ae73f36e8059589b601e8e4776b9976effd76c21ad6a855a74318efd6e"
            ],
            "markers": "platform_python_implementation == 'CPython' and python_version < '3.8'",
            "version": "==0.2.0"
        },
        "six": {
            "hashes": [
                "sha256:3350809f0555b11f552448330d0b52d5f24c91a322ea4a15ef22629740f3761c",
                "sha256:d16a0141ec1a18405cd4ce8b4613101da75da0e9a7aec5bdd4fa804d0e0eba73"
            ],
            "version": "==1.12.0"
        },
        "sqlparse": {
            "hashes": [
                "sha256:40afe6b8d4b1117e7dff5504d7a8ce07d9a1b15aeeade8a2d10f130a834f8177",
                "sha256:7c3dca29c022744e95b547e867cee89f4fce4373f3549ccd8797d8eb52cdb873"
            ],
            "version": "==0.3.0"
        },
        "swiglpk": {
            "hashes": [
                "sha256:049aaef933734f07ce4b449b242115d4bd2138231b4a20015f4f1517aaa04ec4",
                "sha256:05ff85f47d51c4cb9d49edcb6ded375f8860f9b533dbba0d684bb103619b13f9",
                "sha256:116b7935924634c7078c96d7b02b5fa14be83ebcd3c28f86bc394f880a6dcf7c",
                "sha256:173145b27959aeb187733d4ebd9258e60849505ab51cef8cd833fa78f23f00ed",
                "sha256:1a7eb9ae9a733720aac19718a50754f4f6da2f862f4fd7d1c6c4cf6dc49e8eb8",
                "sha256:1f74e3f60e8282b0a7d8f8fbee4cf01cac17bf21c9a67fc05109e8ba1b473fa7",
                "sha256:2131f89f9287061fd07bf25b48d0258e7bd583cc2ba0f1ac6e4dce3754717610",
                "sha256:2565d9839cba4e3b1c4801d565101092a8a5f98cadadd508b21046d39654ffb7",
                "sha256:43cbdf3e490dd5192b65d76db51467d742df1fe4493027d25e157366c1d8ceba",
                "sha256:46db2ea20d3ef11b91e06373b7e79e191e1455a3a21babef16ad4766f07d9ed0",
                "sha256:545936cd6bc742bfe8200acd496627cfe41edbfd8df070860a62f4fa88ec3c12",
                "sha256:77f34a0034f40d99a6dface8e1cfaba4f498ffc6449c1323d9c3ecc2e7fd5b08",
                "sha256:843534fbfd8b016a3754a393594ce445d087879abef8069d1e4172c1d64f5158",
                "sha256:84626ca3c04ee5a4e4316bce6acbdcbc36e183b91cd9c0f3d30f2ef58db8b894",
                "sha256:883ca15c050888767ef0f29c1e7f11bcd19294cb42d9ed699289eff39830bfff",
                "sha256:8a6ff3b69b8ae5c539b3302a3edb5c71f01eedeb3b384cdeb654559df1ebec07",
                "sha256:91f81314fbfb1caf439c08e5621a262f3a54a124d5d0b967a4f6e5440eca3423",
                "sha256:9608274287fb1b9fcc9fd69bbd0ba1c0830c793d355ac12c1c2aafab417b9431",
                "sha256:9733b8b18c5b1ab46656b238097ed8273ef18aeedd2e7aec6d77fe2f0130289c",
                "sha256:a1c6448c4d6faf3fb6d7f9e8677793ba951e2114c4a0d325af8971579d340319",
                "sha256:b1c3159e4657fc566fde0e2683a19952331b41e39e841432d1e2bfffe759d37c",
                "sha256:b3d82fc705c83ac2e76f1188f6645732aca694dd77dfacf1430824bd7d20d2be",
                "sha256:b4d9b87082299ca1cf584f4cdee585d7cfa3e8d75d48e4092e174376b0e212c8",
                "sha256:be7239dc128839f014ac13a606d22545b21a728edbc7550af6e684deced93aee",
                "sha256:dd71682983b5417f99acf13153aa2e34d42cd0b7200397e4696f751cc1f733c3",
                "sha256:e127243df540a2b067ed7866156bc783f1327b32b2005caab9dc92eb43470b46",
                "sha256:f70df792881fa5e1e324b4b51eeabe9ff106d59186a6ba09be5ac634718a447b",
                "sha256:fc51e2bdc37ea22dd14949a3123589a6c11251a376731be5e8339bb9029ec1f9"
            ],
            "version": "==4.65.0"
        },
        "sympy": {
            "hashes": [
                "sha256:71a11e5686ae7ab6cb8feb5bd2651ef4482f8fd43a7c27e645a165e4353b23e1",
                "sha256:f9b00ec76151c98470e84f1da2d7d03633180b71fb318428ddccce1c867d3eaa"
            ],
            "version": "==1.4"
        },
        "tabulate": {
            "hashes": [
                "sha256:d0097023658d4dea848d6ae73af84532d1e86617ac0925d1adf1dd903985dac3"
            ],
            "version": "==0.8.5"
        },
        "uwsgi": {
            "hashes": [
                "sha256:4972ac538800fb2d421027f49b4a1869b66048839507ccf0aa2fda792d99f583"
            ],
            "index": "pypi",
            "version": "==2.0.18"
        },
        "vizan": {
            "git": "https://github.com/lv-csbg/VizAn.git",
            "ref": "54439b25bb676d318d78f8189ebcfe3e30a2fef8"
        }
    },
    "develop": {}
}
